
Microsoft Visual Studio Solution File, Format Version 12.00
# Visual Studio 14
VisualStudioVersion = 14.0.25123.0
MinimumVisualStudioVersion = 10.0.40219.1
Project("{FAE04EC0-301F-11D3-BF4B-00C04F79EFBC}") = "Import Monitoring", "Import Monitoring\Import Monitoring.csproj", "{5C317CC2-C9F2-4466-A14D-4A036F463A7A}"
EndProject
Project("{FAE04EC0-301F-11D3-BF4B-00C04F79EFBC}") = "WCFServiceHost", "WCFServiceHost\WCFServiceHost.csproj", "{DD231529-394C-43AB-9AD8-210A570771E8}"
EndProject
Project("{FAE04EC0-301F-11D3-BF4B-00C04F79EFBC}") = "WCFService", "WCFService\WCFService.csproj", "{4F2472BC-396D-4626-B580-1E309B7D27C7}"
EndProject
Global
	GlobalSection(SolutionConfigurationPlatforms) = preSolution
		Debug|Any CPU = Debug|Any CPU
		Debug|x86 = Debug|x86
		Release|Any CPU = Release|Any CPU
		Release|x86 = Release|x86
	EndGlobalSection
	GlobalSection(ProjectConfigurationPlatforms) = postSolution
		{5C317CC2-C9F2-4466-A14D-4A036F463A7A}.Debug|Any CPU.ActiveCfg = Debug|Any CPU
		{5C317CC2-C9F2-4466-A14D-4A036F463A7A}.Debug|Any CPU.Build.0 = Debug|Any CPU
		{5C317CC2-C9F2-4466-A14D-4A036F463A7A}.Debug|x86.ActiveCfg = Debug|Any CPU
		{5C317CC2-C9F2-4466-A14D-4A036F463A7A}.Debug|x86.Build.0 = Debug|Any CPU
		{5C317CC2-C9F2-4466-A14D-4A036F463A7A}.Release|Any CPU.ActiveCfg = Release|Any CPU
		{5C317CC2-C9F2-4466-A14D-4A036F463A7A}.Release|Any CPU.Build.0 = Release|Any CPU
		{5C317CC2-C9F2-4466-A14D-4A036F463A7A}.Release|x86.ActiveCfg = Release|Any CPU
		{5C317CC2-C9F2-4466-A14D-4A036F463A7A}.Release|x86.Build.0 = Release|Any CPU
		{DD231529-394C-43AB-9AD8-210A570771E8}.Debug|Any CPU.ActiveCfg = Debug|Any CPU
		{DD231529-394C-43AB-9AD8-210A570771E8}.Debug|Any CPU.Build.0 = Debug|Any CPU
		{DD231529-394C-43AB-9AD8-210A570771E8}.Debug|x86.ActiveCfg = Debug|x86
		{DD231529-394C-43AB-9AD8-210A570771E8}.Debug|x86.Build.0 = Debug|x86
		{DD231529-394C-43AB-9AD8-210A570771E8}.Release|Any CPU.ActiveCfg = Release|Any CPU
		{DD231529-394C-43AB-9AD8-210A570771E8}.Release|Any CPU.Build.0 = Release|Any CPU
		{DD231529-394C-43AB-9AD8-210A570771E8}.Release|x86.ActiveCfg = Release|x86
		{DD231529-394C-43AB-9AD8-210A570771E8}.Release|x86.Build.0 = Release|x86
		{4F2472BC-396D-4626-B580-1E309B7D27C7}.Debug|Any CPU.ActiveCfg = Debug|Any CPU
		{4F2472BC-396D-4626-B580-1E309B7D27C7}.Debug|Any CPU.Build.0 = Debug|Any CPU
		{4F2472BC-396D-4626-B580-1E309B7D27C7}.Debug|x86.ActiveCfg = Debug|Any CPU
		{4F2472BC-396D-4626-B580-1E309B7D27C7}.Debug|x86.Build.0 = Debug|Any CPU
		{4F2472BC-396D-4626-B580-1E309B7D27C7}.Release|Any CPU.ActiveCfg = Release|Any CPU
		{4F2472BC-396D-4626-B580-1E309B7D27C7}.Release|Any CPU.Build.0 = Release|Any CPU
		{4F2472BC-396D-4626-B580-1E309B7D27C7}.Release|x86.ActiveCfg = Release|Any CPU
		{4F2472BC-396D-4626-B580-1E309B7D27C7}.Release|x86.Build.0 = Release|Any CPU
	EndGlobalSection
	GlobalSection(SolutionProperties) = preSolution
		HideSolutionNode = FALSE
	EndGlobalSection
EndGlobal
